// !$*UTF8*$!
{
	archiveVersion = 1;
	classes = {
	};
	objectVersion = 50;
	objects = {

/* Begin PBXBuildFile section */
		059898D225618B66007A1AEF /* PortfolioApp.swift in Sources */ = {isa = PBXBuildFile; fileRef = 059898D125618B66007A1AEF /* PortfolioApp.swift */; };
		059898D425618B66007A1AEF /* ContentView.swift in Sources */ = {isa = PBXBuildFile; fileRef = 059898D325618B66007A1AEF /* ContentView.swift */; };
		059898D625618B67007A1AEF /* Assets.xcassets in Resources */ = {isa = PBXBuildFile; fileRef = 059898D525618B67007A1AEF /* Assets.xcassets */; };
		059898D925618B67007A1AEF /* Preview Assets.xcassets in Resources */ = {isa = PBXBuildFile; fileRef = 059898D825618B67007A1AEF /* Preview Assets.xcassets */; };
		059898E325618CB5007A1AEF /* Main.xcdatamodeld in Sources */ = {isa = PBXBuildFile; fileRef = 059898E125618CB5007A1AEF /* Main.xcdatamodeld */; };
		059C01CD2563AFD100F09582 /* DataController.swift in Sources */ = {isa = PBXBuildFile; fileRef = 059C01CC2563AFD000F09582 /* DataController.swift */; };
		059C01D32563B5E500F09582 /* CloudKit.framework in Frameworks */ = {isa = PBXBuildFile; fileRef = 059C01D22563B5E500F09582 /* CloudKit.framework */; };
		059C01D52563B69600F09582 /* HomeView.swift in Sources */ = {isa = PBXBuildFile; fileRef = 059C01D42563B69600F09582 /* HomeView.swift */; };
		059C01D92563B6FF00F09582 /* ProjectsView.swift in Sources */ = {isa = PBXBuildFile; fileRef = 059C01D82563B6FF00F09582 /* ProjectsView.swift */; };
		059C01DC2563C15000F09582 /* Item-CoreDataHelpers.swift in Sources */ = {isa = PBXBuildFile; fileRef = 059C01DB2563C15000F09582 /* Item-CoreDataHelpers.swift */; };
		059C01DF2563C20600F09582 /* Project-CoreDataHelpers.swift in Sources */ = {isa = PBXBuildFile; fileRef = 059C01DE2563C20600F09582 /* Project-CoreDataHelpers.swift */; };
		059C01E32563C95F00F09582 /* EditItemView.swift in Sources */ = {isa = PBXBuildFile; fileRef = 059C01E22563C95F00F09582 /* EditItemView.swift */; };
		059C01E62563CC9A00F09582 /* ItemRowView.swift in Sources */ = {isa = PBXBuildFile; fileRef = 059C01E52563CC9A00F09582 /* ItemRowView.swift */; };
		059C01E92563CE9000F09582 /* Binding-OnChange.swift in Sources */ = {isa = PBXBuildFile; fileRef = 059C01E82563CE9000F09582 /* Binding-OnChange.swift */; };
		059C01EC2563D2C100F09582 /* ProjectHeaderView.swift in Sources */ = {isa = PBXBuildFile; fileRef = 059C01EB2563D2C100F09582 /* ProjectHeaderView.swift */; };
		059C01EF2563D52F00F09582 /* Colors.xcassets in Resources */ = {isa = PBXBuildFile; fileRef = 059C01EE2563D52F00F09582 /* Colors.xcassets */; };
		059C01F32563DAF600F09582 /* EditProjectView.swift in Sources */ = {isa = PBXBuildFile; fileRef = 059C01F22563DAF600F09582 /* EditProjectView.swift */; };
/* End PBXBuildFile section */

/* Begin PBXFileReference section */
		059898CE25618B66007A1AEF /* Portfolio.app */ = {isa = PBXFileReference; explicitFileType = wrapper.application; includeInIndex = 0; path = Portfolio.app; sourceTree = BUILT_PRODUCTS_DIR; };
		059898D125618B66007A1AEF /* PortfolioApp.swift */ = {isa = PBXFileReference; lastKnownFileType = sourcecode.swift; path = PortfolioApp.swift; sourceTree = "<group>"; };
		059898D325618B66007A1AEF /* ContentView.swift */ = {isa = PBXFileReference; lastKnownFileType = sourcecode.swift; path = ContentView.swift; sourceTree = "<group>"; };
		059898D525618B67007A1AEF /* Assets.xcassets */ = {isa = PBXFileReference; lastKnownFileType = folder.assetcatalog; path = Assets.xcassets; sourceTree = "<group>"; };
		059898D825618B67007A1AEF /* Preview Assets.xcassets */ = {isa = PBXFileReference; lastKnownFileType = folder.assetcatalog; path = "Preview Assets.xcassets"; sourceTree = "<group>"; };
		059898DA25618B67007A1AEF /* Info.plist */ = {isa = PBXFileReference; lastKnownFileType = text.plist.xml; path = Info.plist; sourceTree = "<group>"; };
		059898E225618CB5007A1AEF /* Main.xcdatamodel */ = {isa = PBXFileReference; lastKnownFileType = wrapper.xcdatamodel; path = Main.xcdatamodel; sourceTree = "<group>"; };
		059C01CC2563AFD000F09582 /* DataController.swift */ = {isa = PBXFileReference; lastKnownFileType = sourcecode.swift; path = DataController.swift; sourceTree = "<group>"; };
		059C01CF2563B5C400F09582 /* Portfolio.entitlements */ = {isa = PBXFileReference; lastKnownFileType = text.plist.entitlements; path = Portfolio.entitlements; sourceTree = "<group>"; };
		059C01D22563B5E500F09582 /* CloudKit.framework */ = {isa = PBXFileReference; lastKnownFileType = wrapper.framework; name = CloudKit.framework; path = System/Library/Frameworks/CloudKit.framework; sourceTree = SDKROOT; };
		059C01D42563B69600F09582 /* HomeView.swift */ = {isa = PBXFileReference; lastKnownFileType = sourcecode.swift; path = HomeView.swift; sourceTree = "<group>"; };
		059C01D82563B6FF00F09582 /* ProjectsView.swift */ = {isa = PBXFileReference; lastKnownFileType = sourcecode.swift; path = ProjectsView.swift; sourceTree = "<group>"; };
		059C01DB2563C15000F09582 /* Item-CoreDataHelpers.swift */ = {isa = PBXFileReference; lastKnownFileType = sourcecode.swift; path = "Item-CoreDataHelpers.swift"; sourceTree = "<group>"; };
		059C01DE2563C20600F09582 /* Project-CoreDataHelpers.swift */ = {isa = PBXFileReference; lastKnownFileType = sourcecode.swift; path = "Project-CoreDataHelpers.swift"; sourceTree = "<group>"; };
		059C01E22563C95F00F09582 /* EditItemView.swift */ = {isa = PBXFileReference; lastKnownFileType = sourcecode.swift; path = EditItemView.swift; sourceTree = "<group>"; };
		059C01E52563CC9A00F09582 /* ItemRowView.swift */ = {isa = PBXFileReference; lastKnownFileType = sourcecode.swift; path = ItemRowView.swift; sourceTree = "<group>"; };
		059C01E82563CE9000F09582 /* Binding-OnChange.swift */ = {isa = PBXFileReference; lastKnownFileType = sourcecode.swift; path = "Binding-OnChange.swift"; sourceTree = "<group>"; };
		059C01EB2563D2C100F09582 /* ProjectHeaderView.swift */ = {isa = PBXFileReference; lastKnownFileType = sourcecode.swift; path = ProjectHeaderView.swift; sourceTree = "<group>"; };
		059C01EE2563D52F00F09582 /* Colors.xcassets */ = {isa = PBXFileReference; lastKnownFileType = folder.assetcatalog; path = Colors.xcassets; sourceTree = "<group>"; };
		059C01F22563DAF600F09582 /* EditProjectView.swift */ = {isa = PBXFileReference; lastKnownFileType = sourcecode.swift; path = EditProjectView.swift; sourceTree = "<group>"; };
/* End PBXFileReference section */

/* Begin PBXFrameworksBuildPhase section */
		059898CB25618B66007A1AEF /* Frameworks */ = {
			isa = PBXFrameworksBuildPhase;
			buildActionMask = 2147483647;
			files = (
				059C01D32563B5E500F09582 /* CloudKit.framework in Frameworks */,
			);
			runOnlyForDeploymentPostprocessing = 0;
		};
/* End PBXFrameworksBuildPhase section */

/* Begin PBXGroup section */
		059898C525618B66007A1AEF = {
			isa = PBXGroup;
			children = (
				059898D025618B66007A1AEF /* Portfolio */,
				059898CF25618B66007A1AEF /* Products */,
				059C01D12563B5E500F09582 /* Frameworks */,
			);
			sourceTree = "<group>";
		};
		059898CF25618B66007A1AEF /* Products */ = {
			isa = PBXGroup;
			children = (
				059898CE25618B66007A1AEF /* Portfolio.app */,
			);
			name = Products;
			sourceTree = "<group>";
		};
		059898D025618B66007A1AEF /* Portfolio */ = {
			isa = PBXGroup;
			children = (
				059C01CF2563B5C400F09582 /* Portfolio.entitlements */,
				059898DA25618B67007A1AEF /* Info.plist */,
				059C01E82563CE9000F09582 /* Binding-OnChange.swift */,
				059898D325618B66007A1AEF /* ContentView.swift */,
				059C01CC2563AFD000F09582 /* DataController.swift */,
				059C01E22563C95F00F09582 /* EditItemView.swift */,
				059C01F22563DAF600F09582 /* EditProjectView.swift */,
				059C01D42563B69600F09582 /* HomeView.swift */,
				059C01DB2563C15000F09582 /* Item-CoreDataHelpers.swift */,
				059C01E52563CC9A00F09582 /* ItemRowView.swift */,
				059898D125618B66007A1AEF /* PortfolioApp.swift */,
				059C01DE2563C20600F09582 /* Project-CoreDataHelpers.swift */,
				059C01EB2563D2C100F09582 /* ProjectHeaderView.swift */,
				059C01D82563B6FF00F09582 /* ProjectsView.swift */,
				059898D525618B67007A1AEF /* Assets.xcassets */,
				059C01EE2563D52F00F09582 /* Colors.xcassets */,
				059898E125618CB5007A1AEF /* Main.xcdatamodeld */,
				059898D725618B67007A1AEF /* Preview Content */,
			);
			path = Portfolio;
			sourceTree = "<group>";
		};
		059898D725618B67007A1AEF /* Preview Content */ = {
			isa = PBXGroup;
			children = (
				059898D825618B67007A1AEF /* Preview Assets.xcassets */,
			);
			path = "Preview Content";
			sourceTree = "<group>";
		};
		059C01D12563B5E500F09582 /* Frameworks */ = {
			isa = PBXGroup;
			children = (
				059C01D22563B5E500F09582 /* CloudKit.framework */,
			);
			name = Frameworks;
			sourceTree = "<group>";
		};
/* End PBXGroup section */

/* Begin PBXNativeTarget section */
		059898CD25618B66007A1AEF /* Portfolio */ = {
			isa = PBXNativeTarget;
			buildConfigurationList = 059898DD25618B67007A1AEF /* Build configuration list for PBXNativeTarget "Portfolio" */;
			buildPhases = (
				059898CA25618B66007A1AEF /* Sources */,
				059898CB25618B66007A1AEF /* Frameworks */,
				059898CC25618B66007A1AEF /* Resources */,
			);
			buildRules = (
			);
			dependencies = (
			);
			name = Portfolio;
			productName = Portfolio;
			productReference = 059898CE25618B66007A1AEF /* Portfolio.app */;
			productType = "com.apple.product-type.application";
		};
/* End PBXNativeTarget section */

/* Begin PBXProject section */
		059898C625618B66007A1AEF /* Project object */ = {
			isa = PBXProject;
			attributes = {
				LastSwiftUpdateCheck = 1220;
				LastUpgradeCheck = 1220;
				TargetAttributes = {
					059898CD25618B66007A1AEF = {
						CreatedOnToolsVersion = 12.2;
					};
				};
			};
			buildConfigurationList = 059898C925618B66007A1AEF /* Build configuration list for PBXProject "Portfolio" */;
			compatibilityVersion = "Xcode 9.3";
			developmentRegion = en;
			hasScannedForEncodings = 0;
			knownRegions = (
				en,
				Base,
			);
			mainGroup = 059898C525618B66007A1AEF;
			productRefGroup = 059898CF25618B66007A1AEF /* Products */;
			projectDirPath = "";
			projectRoot = "";
			targets = (
				059898CD25618B66007A1AEF /* Portfolio */,
			);
		};
/* End PBXProject section */

/* Begin PBXResourcesBuildPhase section */
		059898CC25618B66007A1AEF /* Resources */ = {
			isa = PBXResourcesBuildPhase;
			buildActionMask = 2147483647;
			files = (
				059C01EF2563D52F00F09582 /* Colors.xcassets in Resources */,
				059898D925618B67007A1AEF /* Preview Assets.xcassets in Resources */,
				059898D625618B67007A1AEF /* Assets.xcassets in Resources */,
			);
			runOnlyForDeploymentPostprocessing = 0;
		};
/* End PBXResourcesBuildPhase section */

/* Begin PBXSourcesBuildPhase section */
		059898CA25618B66007A1AEF /* Sources */ = {
			isa = PBXSourcesBuildPhase;
			buildActionMask = 2147483647;
			files = (
				059C01D92563B6FF00F09582 /* ProjectsView.swift in Sources */,
				059C01EC2563D2C100F09582 /* ProjectHeaderView.swift in Sources */,
				059898E325618CB5007A1AEF /* Main.xcdatamodeld in Sources */,
				059C01CD2563AFD100F09582 /* DataController.swift in Sources */,
				059C01F32563DAF600F09582 /* EditProjectView.swift in Sources */,
				059898D425618B66007A1AEF /* ContentView.swift in Sources */,
				059C01E62563CC9A00F09582 /* ItemRowView.swift in Sources */,
				059C01D52563B69600F09582 /* HomeView.swift in Sources */,
				059C01E92563CE9000F09582 /* Binding-OnChange.swift in Sources */,
				059C01DF2563C20600F09582 /* Project-CoreDataHelpers.swift in Sources */,
				059898D225618B66007A1AEF /* PortfolioApp.swift in Sources */,
				059C01DC2563C15000F09582 /* Item-CoreDataHelpers.swift in Sources */,
				059C01E32563C95F00F09582 /* EditItemView.swift in Sources */,
			);
			runOnlyForDeploymentPostprocessing = 0;
		};
/* End PBXSourcesBuildPhase section */

/* Begin XCBuildConfiguration section */
		059898DB25618B67007A1AEF /* Debug */ = {
			isa = XCBuildConfiguration;
			buildSettings = {
				ALWAYS_SEARCH_USER_PATHS = NO;
				CLANG_ANALYZER_NONNULL = YES;
				CLANG_ANALYZER_NUMBER_OBJECT_CONVERSION = YES_AGGRESSIVE;
				CLANG_CXX_LANGUAGE_STANDARD = "gnu++14";
				CLANG_CXX_LIBRARY = "libc++";
				CLANG_ENABLE_MODULES = YES;
				CLANG_ENABLE_OBJC_ARC = YES;
				CLANG_ENABLE_OBJC_WEAK = YES;
				CLANG_WARN_BLOCK_CAPTURE_AUTORELEASING = YES;
				CLANG_WARN_BOOL_CONVERSION = YES;
				CLANG_WARN_COMMA = YES;
				CLANG_WARN_CONSTANT_CONVERSION = YES;
				CLANG_WARN_DEPRECATED_OBJC_IMPLEMENTATIONS = YES;
				CLANG_WARN_DIRECT_OBJC_ISA_USAGE = YES_ERROR;
				CLANG_WARN_DOCUMENTATION_COMMENTS = YES;
				CLANG_WARN_EMPTY_BODY = YES;
				CLANG_WARN_ENUM_CONVERSION = YES;
				CLANG_WARN_INFINITE_RECURSION = YES;
				CLANG_WARN_INT_CONVERSION = YES;
				CLANG_WARN_NON_LITERAL_NULL_CONVERSION = YES;
				CLANG_WARN_OBJC_IMPLICIT_RETAIN_SELF = YES;
				CLANG_WARN_OBJC_LITERAL_CONVERSION = YES;
				CLANG_WARN_OBJC_ROOT_CLASS = YES_ERROR;
				CLANG_WARN_QUOTED_INCLUDE_IN_FRAMEWORK_HEADER = YES;
				CLANG_WARN_RANGE_LOOP_ANALYSIS = YES;
				CLANG_WARN_STRICT_PROTOTYPES = YES;
				CLANG_WARN_SUSPICIOUS_MOVE = YES;
				CLANG_WARN_UNGUARDED_AVAILABILITY = YES_AGGRESSIVE;
				CLANG_WARN_UNREACHABLE_CODE = YES;
				CLANG_WARN__DUPLICATE_METHOD_MATCH = YES;
				COPY_PHASE_STRIP = NO;
				DEBUG_INFORMATION_FORMAT = dwarf;
				ENABLE_STRICT_OBJC_MSGSEND = YES;
				ENABLE_TESTABILITY = YES;
				GCC_C_LANGUAGE_STANDARD = gnu11;
				GCC_DYNAMIC_NO_PIC = NO;
				GCC_NO_COMMON_BLOCKS = YES;
				GCC_OPTIMIZATION_LEVEL = 0;
				GCC_PREPROCESSOR_DEFINITIONS = (
					"DEBUG=1",
					"$(inherited)",
				);
				GCC_WARN_64_TO_32_BIT_CONVERSION = YES;
				GCC_WARN_ABOUT_RETURN_TYPE = YES_ERROR;
				GCC_WARN_UNDECLARED_SELECTOR = YES;
				GCC_WARN_UNINITIALIZED_AUTOS = YES_AGGRESSIVE;
				GCC_WARN_UNUSED_FUNCTION = YES;
				GCC_WARN_UNUSED_VARIABLE = YES;
				IPHONEOS_DEPLOYMENT_TARGET = 14.2;
				MTL_ENABLE_DEBUG_INFO = INCLUDE_SOURCE;
				MTL_FAST_MATH = YES;
				ONLY_ACTIVE_ARCH = YES;
				SDKROOT = iphoneos;
				SWIFT_ACTIVE_COMPILATION_CONDITIONS = DEBUG;
				SWIFT_OPTIMIZATION_LEVEL = "-Onone";
			};
			name = Debug;
		};
		059898DC25618B67007A1AEF /* Release */ = {
			isa = XCBuildConfiguration;
			buildSettings = {
				ALWAYS_SEARCH_USER_PATHS = NO;
				CLANG_ANALYZER_NONNULL = YES;
				CLANG_ANALYZER_NUMBER_OBJECT_CONVERSION = YES_AGGRESSIVE;
				CLANG_CXX_LANGUAGE_STANDARD = "gnu++14";
				CLANG_CXX_LIBRARY = "libc++";
				CLANG_ENABLE_MODULES = YES;
				CLANG_ENABLE_OBJC_ARC = YES;
				CLANG_ENABLE_OBJC_WEAK = YES;
				CLANG_WARN_BLOCK_CAPTURE_AUTORELEASING = YES;
				CLANG_WARN_BOOL_CONVERSION = YES;
				CLANG_WARN_COMMA = YES;
				CLANG_WARN_CONSTANT_CONVERSION = YES;
				CLANG_WARN_DEPRECATED_OBJC_IMPLEMENTATIONS = YES;
				CLANG_WARN_DIRECT_OBJC_ISA_USAGE = YES_ERROR;
				CLANG_WARN_DOCUMENTATION_COMMENTS = YES;
				CLANG_WARN_EMPTY_BODY = YES;
				CLANG_WARN_ENUM_CONVERSION = YES;
				CLANG_WARN_INFINITE_RECURSION = YES;
				CLANG_WARN_INT_CONVERSION = YES;
				CLANG_WARN_NON_LITERAL_NULL_CONVERSION = YES;
				CLANG_WARN_OBJC_IMPLICIT_RETAIN_SELF = YES;
				CLANG_WARN_OBJC_LITERAL_CONVERSION = YES;
				CLANG_WARN_OBJC_ROOT_CLASS = YES_ERROR;
				CLANG_WARN_QUOTED_INCLUDE_IN_FRAMEWORK_HEADER = YES;
				CLANG_WARN_RANGE_LOOP_ANALYSIS = YES;
				CLANG_WARN_STRICT_PROTOTYPES = YES;
				CLANG_WARN_SUSPICIOUS_MOVE = YES;
				CLANG_WARN_UNGUARDED_AVAILABILITY = YES_AGGRESSIVE;
				CLANG_WARN_UNREACHABLE_CODE = YES;
				CLANG_WARN__DUPLICATE_METHOD_MATCH = YES;
				COPY_PHASE_STRIP = NO;
				DEBUG_INFORMATION_FORMAT = "dwarf-with-dsym";
				ENABLE_NS_ASSERTIONS = NO;
				ENABLE_STRICT_OBJC_MSGSEND = YES;
				GCC_C_LANGUAGE_STANDARD = gnu11;
				GCC_NO_COMMON_BLOCKS = YES;
				GCC_WARN_64_TO_32_BIT_CONVERSION = YES;
				GCC_WARN_ABOUT_RETURN_TYPE = YES_ERROR;
				GCC_WARN_UNDECLARED_SELECTOR = YES;
				GCC_WARN_UNINITIALIZED_AUTOS = YES_AGGRESSIVE;
				GCC_WARN_UNUSED_FUNCTION = YES;
				GCC_WARN_UNUSED_VARIABLE = YES;
				IPHONEOS_DEPLOYMENT_TARGET = 14.2;
				MTL_ENABLE_DEBUG_INFO = NO;
				MTL_FAST_MATH = YES;
				SDKROOT = iphoneos;
				SWIFT_COMPILATION_MODE = wholemodule;
				SWIFT_OPTIMIZATION_LEVEL = "-O";
				VALIDATE_PRODUCT = YES;
			};
			name = Release;
		};
		059898DE25618B67007A1AEF /* Debug */ = {
			isa = XCBuildConfiguration;
			buildSettings = {
				ASSETCATALOG_COMPILER_APPICON_NAME = AppIcon;
				ASSETCATALOG_COMPILER_GLOBAL_ACCENT_COLOR_NAME = AccentColor;
				CODE_SIGN_ENTITLEMENTS = Portfolio/Portfolio.entitlements;
				CODE_SIGN_STYLE = Automatic;
				DEVELOPMENT_ASSET_PATHS = "\"Portfolio/Preview Content\"";
				DEVELOPMENT_TEAM = G7W95GAV72;
				ENABLE_PREVIEWS = YES;
				INFOPLIST_FILE = Portfolio/Info.plist;
				IPHONEOS_DEPLOYMENT_TARGET = 14.0;
				LD_RUNPATH_SEARCH_PATHS = (
					"$(inherited)",
					"@executable_path/Frameworks",
				);
				PRODUCT_BUNDLE_IDENTIFIER = com.sergeytimoshin.Portfolio;
				PRODUCT_NAME = "$(TARGET_NAME)";
				SWIFT_VERSION = 5.0;
				TARGETED_DEVICE_FAMILY = "1,2";
			};
			name = Debug;
		};
		059898DF25618B67007A1AEF /* Release */ = {
			isa = XCBuildConfiguration;
			buildSettings = {
				ASSETCATALOG_COMPILER_APPICON_NAME = AppIcon;
				ASSETCATALOG_COMPILER_GLOBAL_ACCENT_COLOR_NAME = AccentColor;
				CODE_SIGN_ENTITLEMENTS = Portfolio/Portfolio.entitlements;
				CODE_SIGN_STYLE = Automatic;
				DEVELOPMENT_ASSET_PATHS = "\"Portfolio/Preview Content\"";
				DEVELOPMENT_TEAM = G7W95GAV72;
				ENABLE_PREVIEWS = YES;
				INFOPLIST_FILE = Portfolio/Info.plist;
				IPHONEOS_DEPLOYMENT_TARGET = 14.0;
				LD_RUNPATH_SEARCH_PATHS = (
					"$(inherited)",
					"@executable_path/Frameworks",
				);
				PRODUCT_BUNDLE_IDENTIFIER = com.sergeytimoshin.Portfolio;
				PRODUCT_NAME = "$(TARGET_NAME)";
				SWIFT_VERSION = 5.0;
				TARGETED_DEVICE_FAMILY = "1,2";
			};
			name = Release;
		};
/* End XCBuildConfiguration section */

/* Begin XCConfigurationList section */
		059898C925618B66007A1AEF /* Build configuration list for PBXProject "Portfolio" */ = {
			isa = XCConfigurationList;
			buildConfigurations = (
				059898DB25618B67007A1AEF /* Debug */,
				059898DC25618B67007A1AEF /* Release */,
			);
			defaultConfigurationIsVisible = 0;
			defaultConfigurationName = Release;
		};
		059898DD25618B67007A1AEF /* Build configuration list for PBXNativeTarget "Portfolio" */ = {
			isa = XCConfigurationList;
			buildConfigurations = (
				059898DE25618B67007A1AEF /* Debug */,
				059898DF25618B67007A1AEF /* Release */,
			);
			defaultConfigurationIsVisible = 0;
			defaultConfigurationName = Release;
		};
/* End XCConfigurationList section */

/* Begin XCVersionGroup section */
		059898E125618CB5007A1AEF /* Main.xcdatamodeld */ = {
			isa = XCVersionGroup;
			children = (
				059898E225618CB5007A1AEF /* Main.xcdatamodel */,
			);
			currentVersion = 059898E225618CB5007A1AEF /* Main.xcdatamodel */;
			path = Main.xcdatamodeld;
			sourceTree = "<group>";
			versionGroupType = wrapper.xcdatamodel;
		};
/* End XCVersionGroup section */
	};
	rootObject = 059898C625618B66007A1AEF /* Project object */;
}
